{
  "name": "react-native-rn-videoplayer",
  "version": "2.2.9",
  "lockfileVersion": 1,
  "requires": true,
  "dependencies": {
    "boolbase": {
      "version": "1.0.0",
      "resolved": "https://registry.npm.taobao.org/boolbase/download/boolbase-1.0.0.tgz",
      "integrity": "sha1-aN/1++YMUes3cl6p4+0xDcwed24="
    },
    "css-select": {
      "version": "2.1.0",
      "resolved": "https://registry.npm.taobao.org/css-select/download/css-select-2.1.0.tgz",
      "integrity": "sha1-ajRlM1ZjWTSoG6ymjQJVQyEF2+8=",
      "requires": {
        "boolbase": "^1.0.0",
        "css-what": "^3.2.1",
        "domutils": "^1.7.0",
        "nth-check": "^1.0.2"
      }
    },
    "css-tree": {
      "version": "1.1.2",
      "resolved": "https://registry.npm.taobao.org/css-tree/download/css-tree-1.1.2.tgz?cache=0&sync_timestamp=1606404111772&other_urls=https%3A%2F%2Fregistry.npm.taobao.org%2Fcss-tree%2Fdownload%2Fcss-tree-1.1.2.tgz",
      "integrity": "sha1-muOTtdr9fa6KYiR1yux409j717U=",
      "requires": {
        "mdn-data": "2.0.14",
        "source-map": "^0.6.1"
      }
    },
    "css-what": {
      "version": "3.4.2",
      "resolved": "https://registry.npm.taobao.org/css-what/download/css-what-3.4.2.tgz?cache=0&sync_timestamp=1602570934118&other_urls=https%3A%2F%2Fregistry.npm.taobao.org%2Fcss-what%2Fdownload%2Fcss-what-3.4.2.tgz",
      "integrity": "sha1-6nAm/LAXd+295SEk4h8yfnrpUOQ="
    },
    "dom-serializer": {
      "version": "0.2.2",
      "resolved": "https://registry.npm.taobao.org/dom-serializer/download/dom-serializer-0.2.2.tgz",
      "integrity": "sha1-GvuB9TNxcXXUeGVd68XjMtn5u1E=",
      "requires": {
        "domelementtype": "^2.0.1",
        "entities": "^2.0.0"
      },
      "dependencies": {
        "domelementtype": {
          "version": "2.1.0",
          "resolved": "https://registry.npm.taobao.org/domelementtype/download/domelementtype-2.1.0.tgz?cache=0&sync_timestamp=1606866123758&other_urls=https%3A%2F%2Fregistry.npm.taobao.org%2Fdomelementtype%2Fdownload%2Fdomelementtype-2.1.0.tgz",
          "integrity": "sha1-qFHAgKbRw9lDRK7RUdmfZp7fWF4="
        }
      }
    },
    "domelementtype": {
      "version": "1.3.1",
      "resolved": "https://registry.npm.taobao.org/domelementtype/download/domelementtype-1.3.1.tgz?cache=0&sync_timestamp=1606866123758&other_urls=https%3A%2F%2Fregistry.npm.taobao.org%2Fdomelementtype%2Fdownload%2Fdomelementtype-1.3.1.tgz",
      "integrity": "sha1-0EjESzew0Qp/Kj1f7j9DM9eQSB8="
    },
    "domutils": {
      "version": "1.7.0",
      "resolved": "https://registry.npm.taobao.org/domutils/download/domutils-1.7.0.tgz?cache=0&sync_timestamp=1606940981215&other_urls=https%3A%2F%2Fregistry.npm.taobao.org%2Fdomutils%2Fdownload%2Fdomutils-1.7.0.tgz",
      "integrity": "sha1-Vuo0HoNOBuZ0ivehyyXaZ+qfjCo=",
      "requires": {
        "dom-serializer": "0",
        "domelementtype": "1"
      }
    },
    "eme-encryption-scheme-polyfill": {
      "version": "2.0.1",
      "resolved": "https://registry.npm.taobao.org/eme-encryption-scheme-polyfill/download/eme-encryption-scheme-polyfill-2.0.1.tgz",
      "integrity": "sha1-sICwG//XTHXJz4BEwcq+3zuDlU8="
    },
    "entities": {
      "version": "2.1.0",
      "resolved": "https://registry.npm.taobao.org/entities/download/entities-2.1.0.tgz?cache=0&sync_timestamp=1602897079266&other_urls=https%3A%2F%2Fregistry.npm.taobao.org%2Fentities%2Fdownload%2Fentities-2.1.0.tgz",
      "integrity": "sha1-mS0xKc999ocLlsV4WMJJoSD4uLU="
    },
    "js-tokens": {
      "version": "4.0.0",
      "resolved": "https://registry.npm.taobao.org/js-tokens/download/js-tokens-4.0.0.tgz",
      "integrity": "sha1-GSA/tZmR35jjoocFDUZHzerzJJk="
    },
    "keymirror": {
      "version": "0.1.1",
      "resolved": "https://registry.npm.taobao.org/keymirror/download/keymirror-0.1.1.tgz",
      "integrity": "sha1-kYiJ6hP40KQufFVyUO7nE63JXDU="
    },
    "loose-envify": {
      "version": "1.4.0",
      "resolved": "https://registry.npm.taobao.org/loose-envify/download/loose-envify-1.4.0.tgz",
      "integrity": "sha1-ce5R+nvkyuwaY4OffmgtgTLTDK8=",
      "requires": {
        "js-tokens": "^3.0.0 || ^4.0.0"
      }
    },
    "mdn-data": {
      "version": "2.0.14",
      "resolved": "https://registry.npm.taobao.org/mdn-data/download/mdn-data-2.0.14.tgz",
      "integrity": "sha1-cRP8QoGRfWPOKbQ0RvcB5owlulA="
    },
    "nth-check": {
      "version": "1.0.2",
      "resolved": "https://registry.npm.taobao.org/nth-check/download/nth-check-1.0.2.tgz",
      "integrity": "sha1-sr0pXDfj3VijvwcAN2Zjuk2c8Fw=",
      "requires": {
        "boolbase": "~1.0.0"
      }
    },
    "object-assign": {
      "version": "4.1.1",
      "resolved": "https://registry.npm.taobao.org/object-assign/download/object-assign-4.1.1.tgz?cache=0&other_urls=https%3A%2F%2Fregistry.npm.taobao.org%2Fobject-assign%2Fdownload%2Fobject-assign-4.1.1.tgz",
      "integrity": "sha1-IQmtx5ZYh8/AXLvUQsrIv7s2CGM="
    },
    "prop-types": {
      "version": "15.7.2",
      "resolved": "https://registry.npm.taobao.org/prop-types/download/prop-types-15.7.2.tgz",
      "integrity": "sha1-UsQedbjIfnK52TYOAga5ncv/psU=",
      "requires": {
        "loose-envify": "^1.4.0",
        "object-assign": "^4.1.1",
        "react-is": "^16.8.1"
      }
    },
    "react-is": {
      "version": "16.13.1",
      "resolved": "https://registry.npm.taobao.org/react-is/download/react-is-16.13.1.tgz?cache=0&sync_timestamp=1603369407179&other_urls=https%3A%2F%2Fregistry.npm.taobao.org%2Freact-is%2Fdownload%2Freact-is-16.13.1.tgz",
      "integrity": "sha1-eJcppNw23imZ3BVt1sHZwYzqVqQ="
    },
    "react-native-linear-gradient": {
      "version": "2.5.6",
      "resolved": "https://registry.npm.taobao.org/react-native-linear-gradient/download/react-native-linear-gradient-2.5.6.tgz",
      "integrity": "sha1-liFcvF7HoBJHogiQiIqnW4NNRKA="
    },
    "react-native-orientation-locker": {
      "version": "1.1.8",
      "resolved": "https://registry.npm.taobao.org/react-native-orientation-locker/download/react-native-orientation-locker-1.1.8.tgz",
      "integrity": "sha1-RdHJ4AJJa40obsiTLW4+fTQfnIU="
    },
    "react-native-svg": {
      "version": "9.13.6",
      "resolved": "https://registry.npm.taobao.org/react-native-svg/download/react-native-svg-9.13.6.tgz",
      "integrity": "sha1-U2X7orxGAFS5CFHnHypxAGpdNz8=",
      "requires": {
        "css-select": "^2.0.2",
        "css-tree": "^1.0.0-alpha.37"
      }
    },
    "react-native-system-setting": {
      "version": "1.7.6",
      "resolved": "https://registry.npm.taobao.org/react-native-system-setting/download/react-native-system-setting-1.7.6.tgz",
      "integrity": "sha1-Q2M2BKwb1f2Qas2/+mJ6GZjSNFo="
    },
    "react-native-video": {
      "version": "5.0.2",
      "resolved": "https://registry.npm.taobao.org/react-native-video/download/react-native-video-5.0.2.tgz",
      "integrity": "sha1-jwfaDNhaHUsxbRFfN4ZAnvyeOfs=",
      "requires": {
        "keymirror": "^0.1.1",
        "prop-types": "^15.5.10",
        "shaka-player": "^2.4.4"
      }
    },
    "shaka-player": {
      "version": "2.5.18",
      "resolved": "https://registry.npm.taobao.org/shaka-player/download/shaka-player-2.5.18.tgz",
      "integrity": "sha1-U4LQuHmt4B3HzqURXTEdIWi3Qoo=",
      "requires": {
        "eme-encryption-scheme-polyfill": "^2.0.1"
      }
    },
    "source-map": {
      "version": "0.6.1",
      "resolved": "https://registry.npm.taobao.org/source-map/download/source-map-0.6.1.tgz",
      "integrity": "sha1-dHIq8y6WFOnCh6jQu95IteLxomM="
    }
  }
}
